{
  "originHash" : "f955caf0855e6c285b292afd326cbe592138120545bbeab707be7102ae57d693",
  "pins" : [
    {
      "identity" : "example-package-figlet",
      "kind" : "remoteSourceControl",
      "location" : "https://github.com/apple/example-package-figlet",
      "state" : {
        "branch" : "main",
        "revision" : "166eef46de0b094d6d1966e749f727d6c4beba0e"
      }
    },
    {
      "identity" : "swift-argument-parser",
      "kind" : "remoteSourceControl",
      "location" : "https://github.com/apple/swift-argument-parser",
      "state" : {
        "revision" : "0fbc8848e389af3bb55c182bc19ca9d5dc2f255b",
        "version" : "1.4.0"
      }
    },
    {
      "identity" : "swift-sgp4",
      "kind" : "remoteSourceControl",
      "location" : "https://github.com/csanfilippo/swift-sgp4",
      "state" : {
        "revision" : "cbc9a67b1851541d939b0106e003d85c7257ce63",
        "version" : "1.2.0"
      }
    },
    {
      "identity" : "swiftsoup",
      "kind" : "remoteSourceControl",
      "location" : "https://github.com/scinfu/SwiftSoup.git",
      "state" : {
        "revision" : "028487d4a8a291b2fe1b4392b5425b6172056148",
        "version" : "2.7.2"
      }
    }
  ],
  "version" : 3
}
